
Microsoft Visual Studio Solution File, Format Version 12.00
# Visual Studio Version 17
VisualStudioVersion = 17.8.34330.188
MinimumVisualStudioVersion = 10.0.40219.1
Project("{FAE04EC0-301F-11D3-BF4B-00C04F79EFBC}") = "Kazien Case Study 2", "Kazien Case Study 2.csproj", "{C8583996-DC16-47C9-9168-267D1533FE70}"
EndProject
Global
	GlobalSection(SolutionConfigurationPlatforms) = preSolution
		Debug|Any CPU = Debug|Any CPU
		Release|Any CPU = Release|Any CPU
	EndGlobalSection
	GlobalSection(ProjectConfigurationPlatforms) = postSolution
		{C8583996-DC16-47C9-9168-267D1533FE70}.Debug|Any CPU.ActiveCfg = Debug|Any CPU
		{C8583996-DC16-47C9-9168-267D1533FE70}.Debug|Any CPU.Build.0 = Debug|Any CPU
		{C8583996-DC16-47C9-9168-267D1533FE70}.Release|Any CPU.ActiveCfg = Release|Any CPU
		{C8583996-DC16-47C9-9168-267D1533FE70}.Release|Any CPU.Build.0 = Release|Any CPU
	EndGlobalSection
	GlobalSection(SolutionProperties) = preSolution
		HideSolutionNode = FALSE
	EndGlobalSection
	GlobalSection(ExtensibilityGlobals) = postSolution
		SolutionGuid = {C93B5AD8-07F4-48B0-89D0-271EE963A738}
	EndGlobalSection
EndGlobal
